
Microsoft Visual Studio Solution File, Format Version 12.00
# Visual Studio Version 16
VisualStudioVersion = 16.0.30320.27
MinimumVisualStudioVersion = 10.0.40219.1
Project("{FAE04EC0-301F-11D3-BF4B-00C04F79EFBC}") = "Object.Sanitize.Extension", "Object.Sanitize.Extension\Object.Sanitize.Extension.csproj", "{758749EA-E15E-489E-9955-9B1B96EFCB33}"
EndProject
Global
	GlobalSection(SolutionConfigurationPlatforms) = preSolution
		Debug|Any CPU = Debug|Any CPU
		Release|Any CPU = Release|Any CPU
	EndGlobalSection
	GlobalSection(ProjectConfigurationPlatforms) = postSolution
		{758749EA-E15E-489E-9955-9B1B96EFCB33}.Debug|Any CPU.ActiveCfg = Debug|Any CPU
		{758749EA-E15E-489E-9955-9B1B96EFCB33}.Debug|Any CPU.Build.0 = Debug|Any CPU
		{758749EA-E15E-489E-9955-9B1B96EFCB33}.Release|Any CPU.ActiveCfg = Release|Any CPU
		{758749EA-E15E-489E-9955-9B1B96EFCB33}.Release|Any CPU.Build.0 = Release|Any CPU
	EndGlobalSection
	GlobalSection(SolutionProperties) = preSolution
		HideSolutionNode = FALSE
	EndGlobalSection
	GlobalSection(ExtensibilityGlobals) = postSolution
		SolutionGuid = {6E8BF805-4C26-4546-92B2-6997E6769EED}
	EndGlobalSection
EndGlobal
